
Microsoft Visual Studio Solution File, Format Version 12.00
# Visual Studio Version 17
VisualStudioVersion = 17.14.36301.6 d17.14
MinimumVisualStudioVersion = 10.0.40219.1
Project("{8BC9CEB8-8B4A-11D0-8D11-00A0C91BC942}") = "GameServer", "GameServer\GameServer.vcxproj", "{0EEF81A0-E3CA-4960-9352-DF9266AB8245}"
EndProject
Global
	GlobalSection(SolutionConfigurationPlatforms) = preSolution
		Debug|x64 = Debug|x64
		Debug|x86 = Debug|x86
		Release|x64 = Release|x64
		Release|x86 = Release|x86
	EndGlobalSection
	GlobalSection(ProjectConfigurationPlatforms) = postSolution
		{0EEF81A0-E3CA-4960-9352-DF9266AB8245}.Debug|x64.ActiveCfg = Debug|x64
		{0EEF81A0-E3CA-4960-9352-DF9266AB8245}.Debug|x64.Build.0 = Debug|x64
		{0EEF81A0-E3CA-4960-9352-DF9266AB8245}.Debug|x86.ActiveCfg = Debug|Win32
		{0EEF81A0-E3CA-4960-9352-DF9266AB8245}.Debug|x86.Build.0 = Debug|Win32
		{0EEF81A0-E3CA-4960-9352-DF9266AB8245}.Release|x64.ActiveCfg = Release|x64
		{0EEF81A0-E3CA-4960-9352-DF9266AB8245}.Release|x64.Build.0 = Release|x64
		{0EEF81A0-E3CA-4960-9352-DF9266AB8245}.Release|x86.ActiveCfg = Release|Win32
		{0EEF81A0-E3CA-4960-9352-DF9266AB8245}.Release|x86.Build.0 = Release|Win32
	EndGlobalSection
	GlobalSection(SolutionProperties) = preSolution
		HideSolutionNode = FALSE
	EndGlobalSection
	GlobalSection(ExtensibilityGlobals) = postSolution
		SolutionGuid = {3EFAA549-F38B-437A-9FA6-6A37CD3FD4A0}
	EndGlobalSection
EndGlobal
