<?xml version="1.0" encoding="utf-8"?>
<Project ToolsVersion="4.0" xmlns="http://schemas.microsoft.com/developer/msbuild/2003">
  <ItemGroup>
    <Filter Include="Файлы ресурсов">
      <UniqueIdentifier>{67DA6AB6-F800-4c08-8B7A-83BB121AAD01}</UniqueIdentifier>
      <Extensions>rc;ico;cur;bmp;dlg;rc2;rct;bin;rgs;gif;jpg;jpeg;jpe;resx;tiff;tif;png;wav;mfcribbon-ms</Extensions>
    </Filter>
    <Filter Include="Source Files">
      <UniqueIdentifier>{4FC737F1-C7A5-4376-A066-2A32D752A2FF}</UniqueIdentifier>
      <Extensions>cpp;c;cc;cxx;c++;cppm;ixx;def;odl;idl;hpj;bat;asm;asmx</Extensions>
    </Filter>
    <Filter Include="Header Files">
      <UniqueIdentifier>{93995380-89BD-4b04-88EB-625FBE52EBFB}</UniqueIdentifier>
      <Extensions>h;hh;hpp;hxx;h++;hm;inl;inc;ipp;xsd</Extensions>
    </Filter>
  </ItemGroup>
  <ItemGroup>
    <ClInclude Include="Hooking\MinHook\MinHook.h">
      <Filter>Header Files</Filter>
    </ClInclude>
    <ClInclude Include="SDK\PropertyFixup.hpp">
      <Filter>Header Files</Filter>
    </ClInclude>
    <ClInclude Include="SDK\SDK.hpp">
      <Filter>Header Files</Filter>
    </ClInclude>
    <ClInclude Include="SDK\UnrealContainers.hpp">
      <Filter>Header Files</Filter>
    </ClInclude>
    <ClInclude Include="SDK\UtfN.hpp">
      <Filter>Header Files</Filter>
    </ClInclude>
    <ClInclude Include="Server\Utils.h">
      <Filter>Header Files</Filter>
    </ClInclude>
    <ClInclude Include="Hooking\HookUtils.h">
      <Filter>Header Files</Filter>
    </ClInclude>
    <ClInclude Include="Server\Net.h">
      <Filter>Header Files</Filter>
    </ClInclude>
    <ClInclude Include="Server\GameMode.h">
      <Filter>Header Files</Filter>
    </ClInclude>
    <ClInclude Include="Server\Abilities.h">
      <Filter>Header Files</Filter>
    </ClInclude>
    <ClInclude Include="Server\PlayerController.h">
      <Filter>Header Files</Filter>
    </ClInclude>
    <ClInclude Include="Server\Inventory.h">
      <Filter>Header Files</Filter>
    </ClInclude>
    <ClInclude Include="Server\Looting.h">
      <Filter>Header Files</Filter>
    </ClInclude>
    <ClInclude Include="Server\Pawn.h">
      <Filter>Header Files</Filter>
    </ClInclude>
    <ClInclude Include="Server\Vehicles.h">
      <Filter>Header Files</Filter>
    </ClInclude>
    <ClInclude Include="Server\GamePhases.h">
      <Filter>Header Files</Filter>
    </ClInclude>
    <ClInclude Include="Server\Damaging.h">
      <Filter>Header Files</Filter>
    </ClInclude>
    <ClInclude Include="Server\Ai.h">
      <Filter>Header Files</Filter>
    </ClInclude>
    <ClInclude Include="Server\SafeZoneLocations.h">
      <Filter>Header Files</Filter>
    </ClInclude>
    <ClInclude Include="Server\LateGame.h">
      <Filter>Header Files</Filter>
    </ClInclude>
    <ClInclude Include="Server\Misc.h">
      <Filter>Header Files</Filter>
    </ClInclude>
    <ClInclude Include="Server\Phoebe.h">
      <Filter>Header Files</Filter>
    </ClInclude>
    <ClInclude Include="Server\MovementExtention.h">
      <Filter>Header Files</Filter>
    </ClInclude>
    <ClInclude Include="Server\SpecialActor.h">
      <Filter>Header Files</Filter>
    </ClInclude>
    <ClInclude Include="Server\DiscordIntegration.h">
      <Filter>Header Files</Filter>
    </ClInclude>
    <ClInclude Include="Curl\curl.h">
      <Filter>Header Files</Filter>
    </ClInclude>
    <ClInclude Include="Curl\curlver.h">
      <Filter>Header Files</Filter>
    </ClInclude>
    <ClInclude Include="Curl\easy.h">
      <Filter>Header Files</Filter>
    </ClInclude>
    <ClInclude Include="Curl\header.h">
      <Filter>Header Files</Filter>
    </ClInclude>
    <ClInclude Include="Curl\mprintf.h">
      <Filter>Header Files</Filter>
    </ClInclude>
    <ClInclude Include="Curl\multi.h">
      <Filter>Header Files</Filter>
    </ClInclude>
    <ClInclude Include="Curl\options.h">
      <Filter>Header Files</Filter>
    </ClInclude>
    <ClInclude Include="Curl\stdcheaders.h">
      <Filter>Header Files</Filter>
    </ClInclude>
    <ClInclude Include="Curl\system.h">
      <Filter>Header Files</Filter>
    </ClInclude>
    <ClInclude Include="Curl\typecheck-gcc.h">
      <Filter>Header Files</Filter>
    </ClInclude>
    <ClInclude Include="Curl\urlapi.h">
      <Filter>Header Files</Filter>
    </ClInclude>
    <ClInclude Include="Server\Lootpool.h">
      <Filter>Header Files</Filter>
    </ClInclude>
    <ClInclude Include="Server\MedallionRegen.h">
      <Filter>Header Files</Filter>
    </ClInclude>
  </ItemGroup>
  <ItemGroup>
    <Library Include="Hooking\MinHook\minhook.lib" />
    <Library Include="Curl\libcurl.lib" />
    <Library Include="Curl\zlib.lib" />
  </ItemGroup>
  <ItemGroup>
    <ClCompile Include="dllMain.cpp">
      <Filter>Source Files</Filter>
    </ClCompile>
    <ClCompile Include="SDK\SDK\AIModule_functions.cpp">
      <Filter>Source Files</Filter>
    </ClCompile>
    <ClCompile Include="SDK\SDK\Basic.cpp">
      <Filter>Source Files</Filter>
    </ClCompile>
    <ClCompile Include="SDK\SDK\CoreUObject_functions.cpp">
      <Filter>Source Files</Filter>
    </ClCompile>
    <ClCompile Include="SDK\SDK\Engine_functions.cpp">
      <Filter>Source Files</Filter>
    </ClCompile>
    <ClCompile Include="SDK\SDK\FortniteGame_functions.cpp">
      <Filter>Source Files</Filter>
    </ClCompile>
    <ClCompile Include="SDK\SDK\GameplayAbilities_functions.cpp">
      <Filter>Source Files</Filter>
    </ClCompile>
    <ClCompile Include="SDK\SDK\GameplayTags_functions.cpp">
      <Filter>Source Files</Filter>
    </ClCompile>
    <ClCompile Include="SDK\SDK\SpecialEventGameplayRuntime_functions.cpp">
      <Filter>Source Files</Filter>
    </ClCompile>
    <ClCompile Include="SDK\SDK\TacticalSprintRuntime_functions.cpp">
      <Filter>Source Files</Filter>
    </ClCompile>
    <ClCompile Include="SDK\SDK\DeploymentConsole_functions.cpp">
      <Filter>Source Files</Filter>
    </ClCompile>
    <ClCompile Include="SDK\SDK\FortniteAI_functions.cpp">
      <Filter>Source Files</Filter>
    </ClCompile>
    <ClCompile Include="SDK\SDK\CommonConversationRuntime_functions.cpp">
      <Filter>Source Files</Filter>
    </ClCompile>
    <ClCompile Include="SDK\SDK\AscenderCodeRuntime_functions.cpp">
      <Filter>Source Files</Filter>
    </ClCompile>
    <ClCompile Include="SDK\SDK\LagerRuntime_functions.cpp">
      <Filter>Source Files</Filter>
    </ClCompile>
  </ItemGroup>
  <ItemGroup>
    <None Include="SDK\NameCollisions.inl">
      <Filter>Header Files</Filter>
    </None>
  </ItemGroup>
</Project>